
Microsoft Visual Studio Solution File, Format Version 12.00
# Visual Studio Version 17
VisualStudioVersion = 17.0.31903.59
MinimumVisualStudioVersion = 10.0.40219.1
Project("{2150E333-8FDC-42A3-9474-1A3956D46DE8}") = "src", "src", "{09F339E1-278B-45E3-8296-B606A002BF89}"
EndProject
Project("{FAE04EC0-301F-11D3-BF4B-00C04F79EFBC}") = "Api", "src\Api\Api.csproj", "{4ED6E219-FD7C-4796-B174-763CF7504DFE}"
EndProject
Project("{FAE04EC0-301F-11D3-BF4B-00C04F79EFBC}") = "Application", "src\Application\Application.csproj", "{2772824B-855E-45FA-99FC-287E2E25BB41}"
EndProject
Project("{FAE04EC0-301F-11D3-BF4B-00C04F79EFBC}") = "Domain", "src\Domain\Domain.csproj", "{8C87FDCF-C6DB-4076-8718-0A7AE1A19D03}"
EndProject
Project("{FAE04EC0-301F-11D3-BF4B-00C04F79EFBC}") = "Infrastructure", "src\Infrastructure\Infrastructure.csproj", "{CE99A7DD-38F9-4189-99FE-C901CB6D5672}"
EndProject
Project("{2150E333-8FDC-42A3-9474-1A3956D46DE8}") = "test", "test", "{C11025AB-F304-414E-B64A-A8C891F2AA7B}"
EndProject
Project("{2150E333-8FDC-42A3-9474-1A3956D46DE8}") = "files", "files", "{1C1D2AD4-4421-4CCA-A7BE-A73475DEAE6F}"
	ProjectSection(SolutionItems) = preProject
		global.json = global.json
		.editorconfig = .editorconfig
		README.md = README.md
		.github\workflows\ci.yml = .github\workflows\ci.yml
	EndProjectSection
EndProject
Project("{FAE04EC0-301F-11D3-BF4B-00C04F79EFBC}") = "UnitTests", "test\UnitTests\UnitTests.csproj", "{D35687B0-CEF3-4B63-BB2C-1BA2A28079DB}"
EndProject
Project("{FAE04EC0-301F-11D3-BF4B-00C04F79EFBC}") = "IntegrationTests", "test\IntegrationTests\IntegrationTests.csproj", "{E1AB3F63-47E3-43E8-94CC-AD8ECED7B678}"
EndProject
Global
	GlobalSection(SolutionConfigurationPlatforms) = preSolution
		Debug|Any CPU = Debug|Any CPU
		Release|Any CPU = Release|Any CPU
	EndGlobalSection
	GlobalSection(SolutionProperties) = preSolution
		HideSolutionNode = FALSE
	EndGlobalSection
	GlobalSection(ProjectConfigurationPlatforms) = postSolution
		{4ED6E219-FD7C-4796-B174-763CF7504DFE}.Debug|Any CPU.ActiveCfg = Debug|Any CPU
		{4ED6E219-FD7C-4796-B174-763CF7504DFE}.Debug|Any CPU.Build.0 = Debug|Any CPU
		{4ED6E219-FD7C-4796-B174-763CF7504DFE}.Release|Any CPU.ActiveCfg = Release|Any CPU
		{4ED6E219-FD7C-4796-B174-763CF7504DFE}.Release|Any CPU.Build.0 = Release|Any CPU
		{2772824B-855E-45FA-99FC-287E2E25BB41}.Debug|Any CPU.ActiveCfg = Debug|Any CPU
		{2772824B-855E-45FA-99FC-287E2E25BB41}.Debug|Any CPU.Build.0 = Debug|Any CPU
		{2772824B-855E-45FA-99FC-287E2E25BB41}.Release|Any CPU.ActiveCfg = Release|Any CPU
		{2772824B-855E-45FA-99FC-287E2E25BB41}.Release|Any CPU.Build.0 = Release|Any CPU
		{8C87FDCF-C6DB-4076-8718-0A7AE1A19D03}.Debug|Any CPU.ActiveCfg = Debug|Any CPU
		{8C87FDCF-C6DB-4076-8718-0A7AE1A19D03}.Debug|Any CPU.Build.0 = Debug|Any CPU
		{8C87FDCF-C6DB-4076-8718-0A7AE1A19D03}.Release|Any CPU.ActiveCfg = Release|Any CPU
		{8C87FDCF-C6DB-4076-8718-0A7AE1A19D03}.Release|Any CPU.Build.0 = Release|Any CPU
		{CE99A7DD-38F9-4189-99FE-C901CB6D5672}.Debug|Any CPU.ActiveCfg = Debug|Any CPU
		{CE99A7DD-38F9-4189-99FE-C901CB6D5672}.Debug|Any CPU.Build.0 = Debug|Any CPU
		{CE99A7DD-38F9-4189-99FE-C901CB6D5672}.Release|Any CPU.ActiveCfg = Release|Any CPU
		{CE99A7DD-38F9-4189-99FE-C901CB6D5672}.Release|Any CPU.Build.0 = Release|Any CPU
		{D35687B0-CEF3-4B63-BB2C-1BA2A28079DB}.Debug|Any CPU.ActiveCfg = Debug|Any CPU
		{D35687B0-CEF3-4B63-BB2C-1BA2A28079DB}.Debug|Any CPU.Build.0 = Debug|Any CPU
		{D35687B0-CEF3-4B63-BB2C-1BA2A28079DB}.Release|Any CPU.ActiveCfg = Release|Any CPU
		{D35687B0-CEF3-4B63-BB2C-1BA2A28079DB}.Release|Any CPU.Build.0 = Release|Any CPU
		{E1AB3F63-47E3-43E8-94CC-AD8ECED7B678}.Debug|Any CPU.ActiveCfg = Debug|Any CPU
		{E1AB3F63-47E3-43E8-94CC-AD8ECED7B678}.Debug|Any CPU.Build.0 = Debug|Any CPU
		{E1AB3F63-47E3-43E8-94CC-AD8ECED7B678}.Release|Any CPU.ActiveCfg = Release|Any CPU
		{E1AB3F63-47E3-43E8-94CC-AD8ECED7B678}.Release|Any CPU.Build.0 = Release|Any CPU
	EndGlobalSection
	GlobalSection(NestedProjects) = preSolution
		{4ED6E219-FD7C-4796-B174-763CF7504DFE} = {09F339E1-278B-45E3-8296-B606A002BF89}
		{2772824B-855E-45FA-99FC-287E2E25BB41} = {09F339E1-278B-45E3-8296-B606A002BF89}
		{8C87FDCF-C6DB-4076-8718-0A7AE1A19D03} = {09F339E1-278B-45E3-8296-B606A002BF89}
		{CE99A7DD-38F9-4189-99FE-C901CB6D5672} = {09F339E1-278B-45E3-8296-B606A002BF89}
		{D35687B0-CEF3-4B63-BB2C-1BA2A28079DB} = {C11025AB-F304-414E-B64A-A8C891F2AA7B}
		{E1AB3F63-47E3-43E8-94CC-AD8ECED7B678} = {C11025AB-F304-414E-B64A-A8C891F2AA7B}
	EndGlobalSection
EndGlobal
